// !$*UTF8*$!
{
	archiveVersion = 1;
	classes = {
	};
	objectVersion = 46;
	objects = {

/* Begin PBXBuildFile section */
		BE8116011DDFACF400FD263E /* AppDelegate.swift in Sources */ = {isa = PBXBuildFile; fileRef = BE8116001DDFACF400FD263E /* AppDelegate.swift */; };
		BE8116031DDFACF400FD263E /* ViewController.swift in Sources */ = {isa = PBXBuildFile; fileRef = BE8116021DDFACF400FD263E /* ViewController.swift */; };
		BE8116061DDFACF400FD263E /* Main.storyboard in Resources */ = {isa = PBXBuildFile; fileRef = BE8116041DDFACF400FD263E /* Main.storyboard */; };
		BE8116081DDFACF400FD263E /* Assets.xcassets in Resources */ = {isa = PBXBuildFile; fileRef = BE8116071DDFACF400FD263E /* Assets.xcassets */; };
		BE81160B1DDFACF400FD263E /* LaunchScreen.storyboard in Resources */ = {isa = PBXBuildFile; fileRef = BE8116091DDFACF400FD263E /* LaunchScreen.storyboard */; };
		BE8116381DDFB68700FD263E /* BezierPathLength.framework in Frameworks */ = {isa = PBXBuildFile; fileRef = BE8116371DDFB68700FD263E /* BezierPathLength.framework */; };
		BE81163E1DE083E500FD263E /* BezierView.swift in Sources */ = {isa = PBXBuildFile; fileRef = BE81163D1DE083E500FD263E /* BezierView.swift */; };
		BE8116401DE085BA00FD263E /* BezierPathLength.framework in Frameworks */ = {isa = PBXBuildFile; fileRef = BE81163F1DE085BA00FD263E /* BezierPathLength.framework */; };
		BE8116411DE085BA00FD263E /* BezierPathLength.framework in Embed Frameworks */ = {isa = PBXBuildFile; fileRef = BE81163F1DE085BA00FD263E /* BezierPathLength.framework */; settings = {ATTRIBUTES = (CodeSignOnCopy, RemoveHeadersOnCopy, ); }; };
/* End PBXBuildFile section */

/* Begin PBXCopyFilesBuildPhase section */
		BE8116421DE085BB00FD263E /* Embed Frameworks */ = {
			isa = PBXCopyFilesBuildPhase;
			buildActionMask = 2147483647;
			dstPath = "";
			dstSubfolderSpec = 10;
			files = (
				BE8116411DE085BA00FD263E /* BezierPathLength.framework in Embed Frameworks */,
			);
			name = "Embed Frameworks";
			runOnlyForDeploymentPostprocessing = 0;
		};
/* End PBXCopyFilesBuildPhase section */

/* Begin PBXFileReference section */
		BE8115FD1DDFACF400FD263E /* Example.app */ = {isa = PBXFileReference; explicitFileType = wrapper.application; includeInIndex = 0; path = Example.app; sourceTree = BUILT_PRODUCTS_DIR; };
		BE8116001DDFACF400FD263E /* AppDelegate.swift */ = {isa = PBXFileReference; lastKnownFileType = sourcecode.swift; path = AppDelegate.swift; sourceTree = "<group>"; };
		BE8116021DDFACF400FD263E /* ViewController.swift */ = {isa = PBXFileReference; lastKnownFileType = sourcecode.swift; path = ViewController.swift; sourceTree = "<group>"; };
		BE8116051DDFACF400FD263E /* Base */ = {isa = PBXFileReference; lastKnownFileType = file.storyboard; name = Base; path = Base.lproj/Main.storyboard; sourceTree = "<group>"; };
		BE8116071DDFACF400FD263E /* Assets.xcassets */ = {isa = PBXFileReference; lastKnownFileType = folder.assetcatalog; path = Assets.xcassets; sourceTree = "<group>"; };
		BE81160A1DDFACF400FD263E /* Base */ = {isa = PBXFileReference; lastKnownFileType = file.storyboard; name = Base; path = Base.lproj/LaunchScreen.storyboard; sourceTree = "<group>"; };
		BE81160C1DDFACF400FD263E /* Info.plist */ = {isa = PBXFileReference; lastKnownFileType = text.plist.xml; path = Info.plist; sourceTree = "<group>"; };
		BE8116371DDFB68700FD263E /* BezierPathLength.framework */ = {isa = PBXFileReference; lastKnownFileType = wrapper.framework; name = BezierPathLength.framework; path = "../BezierPathLength/build/Debug-iphoneos/BezierPathLength.framework"; sourceTree = "<group>"; };
		BE81163D1DE083E500FD263E /* BezierView.swift */ = {isa = PBXFileReference; fileEncoding = 4; lastKnownFileType = sourcecode.swift; path = BezierView.swift; sourceTree = "<group>"; };
		BE81163F1DE085BA00FD263E /* BezierPathLength.framework */ = {isa = PBXFileReference; explicitFileType = wrapper.framework; path = BezierPathLength.framework; sourceTree = BUILT_PRODUCTS_DIR; };
/* End PBXFileReference section */

/* Begin PBXFrameworksBuildPhase section */
		BE8115FA1DDFACF400FD263E /* Frameworks */ = {
			isa = PBXFrameworksBuildPhase;
			buildActionMask = 2147483647;
			files = (
				BE8116401DE085BA00FD263E /* BezierPathLength.framework in Frameworks */,
				BE8116381DDFB68700FD263E /* BezierPathLength.framework in Frameworks */,
			);
			runOnlyForDeploymentPostprocessing = 0;
		};
/* End PBXFrameworksBuildPhase section */

/* Begin PBXGroup section */
		BE8115F41DDFACF300FD263E = {
			isa = PBXGroup;
			children = (
				BE81163F1DE085BA00FD263E /* BezierPathLength.framework */,
				BE8115FF1DDFACF400FD263E /* Example */,
				BE8115FE1DDFACF400FD263E /* Products */,
				BE8116361DDFB68600FD263E /* Frameworks */,
			);
			sourceTree = "<group>";
		};
		BE8115FE1DDFACF400FD263E /* Products */ = {
			isa = PBXGroup;
			children = (
				BE8115FD1DDFACF400FD263E /* Example.app */,
			);
			name = Products;
			sourceTree = "<group>";
		};
		BE8115FF1DDFACF400FD263E /* Example */ = {
			isa = PBXGroup;
			children = (
				BE8116001DDFACF400FD263E /* AppDelegate.swift */,
				BE8116021DDFACF400FD263E /* ViewController.swift */,
				BE81163D1DE083E500FD263E /* BezierView.swift */,
				BE8116041DDFACF400FD263E /* Main.storyboard */,
				BE8116071DDFACF400FD263E /* Assets.xcassets */,
				BE8116091DDFACF400FD263E /* LaunchScreen.storyboard */,
				BE81160C1DDFACF400FD263E /* Info.plist */,
			);
			path = Example;
			sourceTree = "<group>";
		};
		BE8116361DDFB68600FD263E /* Frameworks */ = {
			isa = PBXGroup;
			children = (
				BE8116371DDFB68700FD263E /* BezierPathLength.framework */,
			);
			name = Frameworks;
			sourceTree = "<group>";
		};
/* End PBXGroup section */

/* Begin PBXNativeTarget section */
		BE8115FC1DDFACF400FD263E /* Example */ = {
			isa = PBXNativeTarget;
			buildConfigurationList = BE81160F1DDFACF400FD263E /* Build configuration list for PBXNativeTarget "Example" */;
			buildPhases = (
				BE8115F91DDFACF400FD263E /* Sources */,
				BE8115FA1DDFACF400FD263E /* Frameworks */,
				BE8115FB1DDFACF400FD263E /* Resources */,
				BE8116421DE085BB00FD263E /* Embed Frameworks */,
			);
			buildRules = (
			);
			dependencies = (
			);
			name = Example;
			productName = Example;
			productReference = BE8115FD1DDFACF400FD263E /* Example.app */;
			productType = "com.apple.product-type.application";
		};
/* End PBXNativeTarget section */

/* Begin PBXProject section */
		BE8115F51DDFACF300FD263E /* Project object */ = {
			isa = PBXProject;
			attributes = {
				LastSwiftUpdateCheck = 0810;
				LastUpgradeCheck = 0810;
				ORGANIZATIONNAME = "Silver Fox";
				TargetAttributes = {
					BE8115FC1DDFACF400FD263E = {
						CreatedOnToolsVersion = 8.1;
						DevelopmentTeam = 6G5LMQ72D8;
						ProvisioningStyle = Automatic;
					};
				};
			};
			buildConfigurationList = BE8115F81DDFACF300FD263E /* Build configuration list for PBXProject "Example" */;
			compatibilityVersion = "Xcode 3.2";
			developmentRegion = English;
			hasScannedForEncodings = 0;
			knownRegions = (
				en,
				Base,
			);
			mainGroup = BE8115F41DDFACF300FD263E;
			productRefGroup = BE8115FE1DDFACF400FD263E /* Products */;
			projectDirPath = "";
			projectRoot = "";
			targets = (
				BE8115FC1DDFACF400FD263E /* Example */,
			);
		};
/* End PBXProject section */

/* Begin PBXResourcesBuildPhase section */
		BE8115FB1DDFACF400FD263E /* Resources */ = {
			isa = PBXResourcesBuildPhase;
			buildActionMask = 2147483647;
			files = (
				BE81160B1DDFACF400FD263E /* LaunchScreen.storyboard in Resources */,
				BE8116081DDFACF400FD263E /* Assets.xcassets in Resources */,
				BE8116061DDFACF400FD263E /* Main.storyboard in Resources */,
			);
			runOnlyForDeploymentPostprocessing = 0;
		};
/* End PBXResourcesBuildPhase section */

/* Begin PBXSourcesBuildPhase section */
		BE8115F91DDFACF400FD263E /* Sources */ = {
			isa = PBXSourcesBuildPhase;
			buildActionMask = 2147483647;
			files = (
				BE8116031DDFACF400FD263E /* ViewController.swift in Sources */,
				BE81163E1DE083E500FD263E /* BezierView.swift in Sources */,
				BE8116011DDFACF400FD263E /* AppDelegate.swift in Sources */,
			);
			runOnlyForDeploymentPostprocessing = 0;
		};
/* End PBXSourcesBuildPhase section */

/* Begin PBXVariantGroup section */
		BE8116041DDFACF400FD263E /* Main.storyboard */ = {
			isa = PBXVariantGroup;
			children = (
				BE8116051DDFACF400FD263E /* Base */,
			);
			name = Main.storyboard;
			sourceTree = "<group>";
		};
		BE8116091DDFACF400FD263E /* LaunchScreen.storyboard */ = {
			isa = PBXVariantGroup;
			children = (
				BE81160A1DDFACF400FD263E /* Base */,
			);
			name = LaunchScreen.storyboard;
			sourceTree = "<group>";
		};
/* End PBXVariantGroup section */

/* Begin XCBuildConfiguration section */
		BE81160D1DDFACF400FD263E /* Debug */ = {
			isa = XCBuildConfiguration;
			buildSettings = {
				ALWAYS_SEARCH_USER_PATHS = NO;
				CLANG_ANALYZER_NONNULL = YES;
				CLANG_CXX_LANGUAGE_STANDARD = "gnu++0x";
				CLANG_CXX_LIBRARY = "libc++";
				CLANG_ENABLE_MODULES = YES;
				CLANG_ENABLE_OBJC_ARC = YES;
				CLANG_WARN_BOOL_CONVERSION = YES;
				CLANG_WARN_CONSTANT_CONVERSION = YES;
				CLANG_WARN_DIRECT_OBJC_ISA_USAGE = YES_ERROR;
				CLANG_WARN_DOCUMENTATION_COMMENTS = YES;
				CLANG_WARN_EMPTY_BODY = YES;
				CLANG_WARN_ENUM_CONVERSION = YES;
				CLANG_WARN_INFINITE_RECURSION = YES;
				CLANG_WARN_INT_CONVERSION = YES;
				CLANG_WARN_OBJC_ROOT_CLASS = YES_ERROR;
				CLANG_WARN_SUSPICIOUS_MOVES = YES;
				CLANG_WARN_UNREACHABLE_CODE = YES;
				CLANG_WARN__DUPLICATE_METHOD_MATCH = YES;
				"CODE_SIGN_IDENTITY[sdk=iphoneos*]" = "iPhone Developer";
				COPY_PHASE_STRIP = NO;
				DEBUG_INFORMATION_FORMAT = dwarf;
				ENABLE_STRICT_OBJC_MSGSEND = YES;
				ENABLE_TESTABILITY = YES;
				GCC_C_LANGUAGE_STANDARD = gnu99;
				GCC_DYNAMIC_NO_PIC = NO;
				GCC_NO_COMMON_BLOCKS = YES;
				GCC_OPTIMIZATION_LEVEL = 0;
				GCC_PREPROCESSOR_DEFINITIONS = (
					"DEBUG=1",
					"$(inherited)",
				);
				GCC_WARN_64_TO_32_BIT_CONVERSION = YES;
				GCC_WARN_ABOUT_RETURN_TYPE = YES_ERROR;
				GCC_WARN_UNDECLARED_SELECTOR = YES;
				GCC_WARN_UNINITIALIZED_AUTOS = YES_AGGRESSIVE;
				GCC_WARN_UNUSED_FUNCTION = YES;
				GCC_WARN_UNUSED_VARIABLE = YES;
				IPHONEOS_DEPLOYMENT_TARGET = 10.1;
				MTL_ENABLE_DEBUG_INFO = YES;
				ONLY_ACTIVE_ARCH = YES;
				SDKROOT = iphoneos;
				SWIFT_ACTIVE_COMPILATION_CONDITIONS = DEBUG;
				SWIFT_OPTIMIZATION_LEVEL = "-Onone";
				SWIFT_VERSION = 3.0.1;
				TARGETED_DEVICE_FAMILY = "1,2";
			};
			name = Debug;
		};
		BE81160E1DDFACF400FD263E /* Release */ = {
			isa = XCBuildConfiguration;
			buildSettings = {
				ALWAYS_SEARCH_USER_PATHS = NO;
				CLANG_ANALYZER_NONNULL = YES;
				CLANG_CXX_LANGUAGE_STANDARD = "gnu++0x";
				CLANG_CXX_LIBRARY = "libc++";
				CLANG_ENABLE_MODULES = YES;
				CLANG_ENABLE_OBJC_ARC = YES;
				CLANG_WARN_BOOL_CONVERSION = YES;
				CLANG_WARN_CONSTANT_CONVERSION = YES;
				CLANG_WARN_DIRECT_OBJC_ISA_USAGE = YES_ERROR;
				CLANG_WARN_DOCUMENTATION_COMMENTS = YES;
				CLANG_WARN_EMPTY_BODY = YES;
				CLANG_WARN_ENUM_CONVERSION = YES;
				CLANG_WARN_INFINITE_RECURSION = YES;
				CLANG_WARN_INT_CONVERSION = YES;
				CLANG_WARN_OBJC_ROOT_CLASS = YES_ERROR;
				CLANG_WARN_SUSPICIOUS_MOVES = YES;
				CLANG_WARN_UNREACHABLE_CODE = YES;
				CLANG_WARN__DUPLICATE_METHOD_MATCH = YES;
				"CODE_SIGN_IDENTITY[sdk=iphoneos*]" = "iPhone Developer";
				COPY_PHASE_STRIP = NO;
				DEBUG_INFORMATION_FORMAT = "dwarf-with-dsym";
				ENABLE_NS_ASSERTIONS = NO;
				ENABLE_STRICT_OBJC_MSGSEND = YES;
				GCC_C_LANGUAGE_STANDARD = gnu99;
				GCC_NO_COMMON_BLOCKS = YES;
				GCC_WARN_64_TO_32_BIT_CONVERSION = YES;
				GCC_WARN_ABOUT_RETURN_TYPE = YES_ERROR;
				GCC_WARN_UNDECLARED_SELECTOR = YES;
				GCC_WARN_UNINITIALIZED_AUTOS = YES_AGGRESSIVE;
				GCC_WARN_UNUSED_FUNCTION = YES;
				GCC_WARN_UNUSED_VARIABLE = YES;
				IPHONEOS_DEPLOYMENT_TARGET = 10.1;
				MTL_ENABLE_DEBUG_INFO = NO;
				SDKROOT = iphoneos;
				SWIFT_OPTIMIZATION_LEVEL = "-Owholemodule";
				SWIFT_VERSION = 3.0.1;
				TARGETED_DEVICE_FAMILY = "1,2";
				VALIDATE_PRODUCT = YES;
			};
			name = Release;
		};
		BE8116101DDFACF400FD263E /* Debug */ = {
			isa = XCBuildConfiguration;
			buildSettings = {
				ASSETCATALOG_COMPILER_APPICON_NAME = AppIcon;
				DEVELOPMENT_TEAM = 6G5LMQ72D8;
				INFOPLIST_FILE = Example/Info.plist;
				LD_RUNPATH_SEARCH_PATHS = "$(inherited) @executable_path/Frameworks";
				PRODUCT_BUNDLE_IDENTIFIER = be.silverfox.Example;
				PRODUCT_NAME = "$(TARGET_NAME)";
				SWIFT_VERSION = 3.0.1;
			};
			name = Debug;
		};
		BE8116111DDFACF400FD263E /* Release */ = {
			isa = XCBuildConfiguration;
			buildSettings = {
				ASSETCATALOG_COMPILER_APPICON_NAME = AppIcon;
				DEVELOPMENT_TEAM = 6G5LMQ72D8;
				INFOPLIST_FILE = Example/Info.plist;
				LD_RUNPATH_SEARCH_PATHS = "$(inherited) @executable_path/Frameworks";
				PRODUCT_BUNDLE_IDENTIFIER = be.silverfox.Example;
				PRODUCT_NAME = "$(TARGET_NAME)";
				SWIFT_VERSION = 3.0.1;
			};
			name = Release;
		};
/* End XCBuildConfiguration section */

/* Begin XCConfigurationList section */
		BE8115F81DDFACF300FD263E /* Build configuration list for PBXProject "Example" */ = {
			isa = XCConfigurationList;
			buildConfigurations = (
				BE81160D1DDFACF400FD263E /* Debug */,
				BE81160E1DDFACF400FD263E /* Release */,
			);
			defaultConfigurationIsVisible = 0;
			defaultConfigurationName = Release;
		};
		BE81160F1DDFACF400FD263E /* Build configuration list for PBXNativeTarget "Example" */ = {
			isa = XCConfigurationList;
			buildConfigurations = (
				BE8116101DDFACF400FD263E /* Debug */,
				BE8116111DDFACF400FD263E /* Release */,
			);
			defaultConfigurationIsVisible = 0;
			defaultConfigurationName = Release;
		};
/* End XCConfigurationList section */
	};
	rootObject = BE8115F51DDFACF300FD263E /* Project object */;
}
